# THIS IS AN AUTOGENERATED FILE. DO NOT EDIT THIS FILE DIRECTLY.
# yarn lockfile v1


gasp@^0.0.2:
  version "0.0.2"
  resolved "https://registry.npmmirror.com/gasp/-/gasp-0.0.2.tgz#ba48a71546aaad75fe1162dd74c2fc15bedffb11"
  integrity sha512-cJGS8HkASZXLtYnS7CHDUCutYdeV2OXW/P+SU03+allNY26GiYOfstziPjnsMW8bbdf6hoQ3caVHYNZ0YLuFCA==
  dependencies:
    q "^1.0.0"

q@^1.0.0:
  version "1.5.1"
  resolved "https://registry.npmmirror.com/q/-/q-1.5.1.tgz#7e32f75b41381291d04611f1bf14109ac00651d7"
  integrity sha512-kV/CThkXo6xyFEZUugw/+pIOywXcDbFYgSct5cT3gqlbkBE1SJdwy6UQoZvodiWF/ckQLZyDE/Bu1M6gVu5lVw==
