# THIS IS AN AUTOGENERATED FILE. DO NOT EDIT THIS FILE DIRECTLY.
# yarn lockfile v1


dat.gui@^0.7.9:
  version "0.7.9"
  resolved "https://registry.npmmirror.com/dat.gui/-/dat.gui-0.7.9.tgz#860cab06053b028e327820eabdf25a13cf07b17e"
  integrity sha512-sCNc1OHobc+Erc1HqiswYgHdVNpSJUlk/Hz8vzOCsER7rl+oF/4+v8GXFUyCgtXpoCX6+bnmg07DedLvBLwYKQ==

gsap@^3.11.3:
  version "3.11.3"
  resolved "https://registry.npmmirror.com/gsap/-/gsap-3.11.3.tgz#ca5be827f56fe8d5720e08343390f74fb89a05f3"
  integrity sha512-xc/iIJy+LWiMbRa4IdMtdnnKa/7PXEK6NNzV71gdOYUVeTZN7UWnLU0fB7Hi1iwiz4ZZoYkBZPPYGg+2+zzFHA==

three@^0.144.0:
  version "0.144.0"
  resolved "https://registry.npmmirror.com/three/-/three-0.144.0.tgz#2818517169f8ff94eea5f664f6ff1fcdcd436cc8"
  integrity sha512-R8AXPuqfjfRJKkYoTQcTK7A6i3AdO9++2n8ubya/GTU+fEHhYKu1ZooRSCPkx69jbnzT7dD/xEo6eROQTt2lJw==
