# THIS IS AN AUTOGENERATED FILE. DO NOT EDIT THIS FILE DIRECTLY.
# yarn lockfile v1


cannon-es@^0.20.0:
  version "0.20.0"
  resolved "https://registry.npmmirror.com/cannon-es/-/cannon-es-0.20.0.tgz#bf2f62a674701f37e3d861c90668a32d4d32f082"
  integrity sha512-eZhWTZIkFOnMAJOgfXJa9+b3kVlvG+FX4mdkpePev/w/rP5V8NRquGyEozcjPfEoXUlb+p7d9SUcmDSn14prOA==

dat.gui@^0.7.9:
  version "0.7.9"
  resolved "https://registry.npmmirror.com/dat.gui/-/dat.gui-0.7.9.tgz#860cab06053b028e327820eabdf25a13cf07b17e"
  integrity sha512-sCNc1OHobc+Erc1HqiswYgHdVNpSJUlk/Hz8vzOCsER7rl+oF/4+v8GXFUyCgtXpoCX6+bnmg07DedLvBLwYKQ==

three@^0.144.0:
  version "0.144.0"
  resolved "https://registry.npmmirror.com/three/-/three-0.144.0.tgz#2818517169f8ff94eea5f664f6ff1fcdcd436cc8"
  integrity sha512-R8AXPuqfjfRJKkYoTQcTK7A6i3AdO9++2n8ubya/GTU+fEHhYKu1ZooRSCPkx69jbnzT7dD/xEo6eROQTt2lJw==
